// !$*UTF8*$!
{
	archiveVersion = 1;
	classes = {
	};
	objectVersion = 50;
	objects = {

/* Begin PBXBuildFile section */
		8B717B30218849120081BBC8 /* AppDelegate.swift in Sources */ = {isa = PBXBuildFile; fileRef = 8B717B2F218849120081BBC8 /* AppDelegate.swift */; };
		8B717B32218849120081BBC8 /* WelcomeVC.swift in Sources */ = {isa = PBXBuildFile; fileRef = 8B717B31218849120081BBC8 /* WelcomeVC.swift */; };
		8B717B35218849120081BBC8 /* Main.storyboard in Resources */ = {isa = PBXBuildFile; fileRef = 8B717B33218849120081BBC8 /* Main.storyboard */; };
		8B717B37218849140081BBC8 /* Assets.xcassets in Resources */ = {isa = PBXBuildFile; fileRef = 8B717B36218849140081BBC8 /* Assets.xcassets */; };
		8B717B3A218849140081BBC8 /* LaunchScreen.storyboard in Resources */ = {isa = PBXBuildFile; fileRef = 8B717B38218849140081BBC8 /* LaunchScreen.storyboard */; };
		8B717B45218849140081BBC8 /* app_swooshTests.swift in Sources */ = {isa = PBXBuildFile; fileRef = 8B717B44218849140081BBC8 /* app_swooshTests.swift */; };
		8B717B50218849140081BBC8 /* app_swooshUITests.swift in Sources */ = {isa = PBXBuildFile; fileRef = 8B717B4F218849140081BBC8 /* app_swooshUITests.swift */; };
		8B717B5F218856520081BBC8 /* BorderButton.swift in Sources */ = {isa = PBXBuildFile; fileRef = 8B717B5E218856520081BBC8 /* BorderButton.swift */; };
		8BE0089921EF046E008207DE /* LeagueVC.swift in Sources */ = {isa = PBXBuildFile; fileRef = 8BE0089821EF046E008207DE /* LeagueVC.swift */; };
		8BE0089B21EF0483008207DE /* SkillVC.swift in Sources */ = {isa = PBXBuildFile; fileRef = 8BE0089A21EF0483008207DE /* SkillVC.swift */; };
/* End PBXBuildFile section */

/* Begin PBXContainerItemProxy section */
		8B717B41218849140081BBC8 /* PBXContainerItemProxy */ = {
			isa = PBXContainerItemProxy;
			containerPortal = 8B717B24218849120081BBC8 /* Project object */;
			proxyType = 1;
			remoteGlobalIDString = 8B717B2B218849120081BBC8;
			remoteInfo = "app-swoosh";
		};
		8B717B4C218849140081BBC8 /* PBXContainerItemProxy */ = {
			isa = PBXContainerItemProxy;
			containerPortal = 8B717B24218849120081BBC8 /* Project object */;
			proxyType = 1;
			remoteGlobalIDString = 8B717B2B218849120081BBC8;
			remoteInfo = "app-swoosh";
		};
/* End PBXContainerItemProxy section */

/* Begin PBXFileReference section */
		8B717B2C218849120081BBC8 /* app-swoosh.app */ = {isa = PBXFileReference; explicitFileType = wrapper.application; includeInIndex = 0; path = "app-swoosh.app"; sourceTree = BUILT_PRODUCTS_DIR; };
		8B717B2F218849120081BBC8 /* AppDelegate.swift */ = {isa = PBXFileReference; lastKnownFileType = sourcecode.swift; path = AppDelegate.swift; sourceTree = "<group>"; };
		8B717B31218849120081BBC8 /* WelcomeVC.swift */ = {isa = PBXFileReference; lastKnownFileType = sourcecode.swift; path = WelcomeVC.swift; sourceTree = "<group>"; };
		8B717B34218849120081BBC8 /* Base */ = {isa = PBXFileReference; lastKnownFileType = file.storyboard; name = Base; path = Base.lproj/Main.storyboard; sourceTree = "<group>"; };
		8B717B36218849140081BBC8 /* Assets.xcassets */ = {isa = PBXFileReference; lastKnownFileType = folder.assetcatalog; path = Assets.xcassets; sourceTree = "<group>"; };
		8B717B39218849140081BBC8 /* Base */ = {isa = PBXFileReference; lastKnownFileType = file.storyboard; name = Base; path = Base.lproj/LaunchScreen.storyboard; sourceTree = "<group>"; };
		8B717B3B218849140081BBC8 /* Info.plist */ = {isa = PBXFileReference; lastKnownFileType = text.plist.xml; path = Info.plist; sourceTree = "<group>"; };
		8B717B40218849140081BBC8 /* app-swooshTests.xctest */ = {isa = PBXFileReference; explicitFileType = wrapper.cfbundle; includeInIndex = 0; path = "app-swooshTests.xctest"; sourceTree = BUILT_PRODUCTS_DIR; };
		8B717B44218849140081BBC8 /* app_swooshTests.swift */ = {isa = PBXFileReference; lastKnownFileType = sourcecode.swift; path = app_swooshTests.swift; sourceTree = "<group>"; };
		8B717B46218849140081BBC8 /* Info.plist */ = {isa = PBXFileReference; lastKnownFileType = text.plist.xml; path = Info.plist; sourceTree = "<group>"; };
		8B717B4B218849140081BBC8 /* app-swooshUITests.xctest */ = {isa = PBXFileReference; explicitFileType = wrapper.cfbundle; includeInIndex = 0; path = "app-swooshUITests.xctest"; sourceTree = BUILT_PRODUCTS_DIR; };
		8B717B4F218849140081BBC8 /* app_swooshUITests.swift */ = {isa = PBXFileReference; lastKnownFileType = sourcecode.swift; path = app_swooshUITests.swift; sourceTree = "<group>"; };
		8B717B51218849140081BBC8 /* Info.plist */ = {isa = PBXFileReference; lastKnownFileType = text.plist.xml; path = Info.plist; sourceTree = "<group>"; };
		8B717B5E218856520081BBC8 /* BorderButton.swift */ = {isa = PBXFileReference; lastKnownFileType = sourcecode.swift; path = BorderButton.swift; sourceTree = "<group>"; };
		8BE0089821EF046E008207DE /* LeagueVC.swift */ = {isa = PBXFileReference; lastKnownFileType = sourcecode.swift; path = LeagueVC.swift; sourceTree = "<group>"; };
		8BE0089A21EF0483008207DE /* SkillVC.swift */ = {isa = PBXFileReference; lastKnownFileType = sourcecode.swift; path = SkillVC.swift; sourceTree = "<group>"; };
/* End PBXFileReference section */

/* Begin PBXFrameworksBuildPhase section */
		8B717B29218849120081BBC8 /* Frameworks */ = {
			isa = PBXFrameworksBuildPhase;
			buildActionMask = 2147483647;
			files = (
			);
			runOnlyForDeploymentPostprocessing = 0;
		};
		8B717B3D218849140081BBC8 /* Frameworks */ = {
			isa = PBXFrameworksBuildPhase;
			buildActionMask = 2147483647;
			files = (
			);
			runOnlyForDeploymentPostprocessing = 0;
		};
		8B717B48218849140081BBC8 /* Frameworks */ = {
			isa = PBXFrameworksBuildPhase;
			buildActionMask = 2147483647;
			files = (
			);
			runOnlyForDeploymentPostprocessing = 0;
		};
/* End PBXFrameworksBuildPhase section */

/* Begin PBXGroup section */
		8B6DDCC621B5629000AC7333 /* Controller */ = {
			isa = PBXGroup;
			children = (
				8B717B31218849120081BBC8 /* WelcomeVC.swift */,
				8BE0089821EF046E008207DE /* LeagueVC.swift */,
				8BE0089A21EF0483008207DE /* SkillVC.swift */,
			);
			path = Controller;
			sourceTree = "<group>";
		};
		8B6DDCC721B5629C00AC7333 /* Model */ = {
			isa = PBXGroup;
			children = (
			);
			path = Model;
			sourceTree = "<group>";
		};
		8B717B23218849120081BBC8 = {
			isa = PBXGroup;
			children = (
				8B717B2E218849120081BBC8 /* app-swoosh */,
				8B717B43218849140081BBC8 /* app-swooshTests */,
				8B717B4E218849140081BBC8 /* app-swooshUITests */,
				8B717B2D218849120081BBC8 /* Products */,
			);
			sourceTree = "<group>";
		};
		8B717B2D218849120081BBC8 /* Products */ = {
			isa = PBXGroup;
			children = (
				8B717B2C218849120081BBC8 /* app-swoosh.app */,
				8B717B40218849140081BBC8 /* app-swooshTests.xctest */,
				8B717B4B218849140081BBC8 /* app-swooshUITests.xctest */,
			);
			name = Products;
			sourceTree = "<group>";
		};
		8B717B2E218849120081BBC8 /* app-swoosh */ = {
			isa = PBXGroup;
			children = (
				8B6DDCC721B5629C00AC7333 /* Model */,
				8B6DDCC621B5629000AC7333 /* Controller */,
				8B717B5D218855940081BBC8 /* View */,
				8B717B2F218849120081BBC8 /* AppDelegate.swift */,
				8B717B33218849120081BBC8 /* Main.storyboard */,
				8B717B36218849140081BBC8 /* Assets.xcassets */,
				8B717B38218849140081BBC8 /* LaunchScreen.storyboard */,
				8B717B3B218849140081BBC8 /* Info.plist */,
			);
			path = "app-swoosh";
			sourceTree = "<group>";
		};
		8B717B43218849140081BBC8 /* app-swooshTests */ = {
			isa = PBXGroup;
			children = (
				8B717B44218849140081BBC8 /* app_swooshTests.swift */,
				8B717B46218849140081BBC8 /* Info.plist */,
			);
			path = "app-swooshTests";
			sourceTree = "<group>";
		};
		8B717B4E218849140081BBC8 /* app-swooshUITests */ = {
			isa = PBXGroup;
			children = (
				8B717B4F218849140081BBC8 /* app_swooshUITests.swift */,
				8B717B51218849140081BBC8 /* Info.plist */,
			);
			path = "app-swooshUITests";
			sourceTree = "<group>";
		};
		8B717B5D218855940081BBC8 /* View */ = {
			isa = PBXGroup;
			children = (
				8B717B5E218856520081BBC8 /* BorderButton.swift */,
			);
			path = View;
			sourceTree = "<group>";
		};
/* End PBXGroup section */

/* Begin PBXNativeTarget section */
		8B717B2B218849120081BBC8 /* app-swoosh */ = {
			isa = PBXNativeTarget;
			buildConfigurationList = 8B717B54218849140081BBC8 /* Build configuration list for PBXNativeTarget "app-swoosh" */;
			buildPhases = (
				8B717B28218849120081BBC8 /* Sources */,
				8B717B29218849120081BBC8 /* Frameworks */,
				8B717B2A218849120081BBC8 /* Resources */,
			);
			buildRules = (
			);
			dependencies = (
			);
			name = "app-swoosh";
			productName = "app-swoosh";
			productReference = 8B717B2C218849120081BBC8 /* app-swoosh.app */;
			productType = "com.apple.product-type.application";
		};
		8B717B3F218849140081BBC8 /* app-swooshTests */ = {
			isa = PBXNativeTarget;
			buildConfigurationList = 8B717B57218849140081BBC8 /* Build configuration list for PBXNativeTarget "app-swooshTests" */;
			buildPhases = (
				8B717B3C218849140081BBC8 /* Sources */,
				8B717B3D218849140081BBC8 /* Frameworks */,
				8B717B3E218849140081BBC8 /* Resources */,
			);
			buildRules = (
			);
			dependencies = (
				8B717B42218849140081BBC8 /* PBXTargetDependency */,
			);
			name = "app-swooshTests";
			productName = "app-swooshTests";
			productReference = 8B717B40218849140081BBC8 /* app-swooshTests.xctest */;
			productType = "com.apple.product-type.bundle.unit-test";
		};
		8B717B4A218849140081BBC8 /* app-swooshUITests */ = {
			isa = PBXNativeTarget;
			buildConfigurationList = 8B717B5A218849140081BBC8 /* Build configuration list for PBXNativeTarget "app-swooshUITests" */;
			buildPhases = (
				8B717B47218849140081BBC8 /* Sources */,
				8B717B48218849140081BBC8 /* Frameworks */,
				8B717B49218849140081BBC8 /* Resources */,
			);
			buildRules = (
			);
			dependencies = (
				8B717B4D218849140081BBC8 /* PBXTargetDependency */,
			);
			name = "app-swooshUITests";
			productName = "app-swooshUITests";
			productReference = 8B717B4B218849140081BBC8 /* app-swooshUITests.xctest */;
			productType = "com.apple.product-type.bundle.ui-testing";
		};
/* End PBXNativeTarget section */

/* Begin PBXProject section */
		8B717B24218849120081BBC8 /* Project object */ = {
			isa = PBXProject;
			attributes = {
				LastSwiftUpdateCheck = 1000;
				LastUpgradeCheck = 1000;
				ORGANIZATIONNAME = "Maksym Yershov";
				TargetAttributes = {
					8B717B2B218849120081BBC8 = {
						CreatedOnToolsVersion = 10.0;
					};
					8B717B3F218849140081BBC8 = {
						CreatedOnToolsVersion = 10.0;
						TestTargetID = 8B717B2B218849120081BBC8;
					};
					8B717B4A218849140081BBC8 = {
						CreatedOnToolsVersion = 10.0;
						TestTargetID = 8B717B2B218849120081BBC8;
					};
				};
			};
			buildConfigurationList = 8B717B27218849120081BBC8 /* Build configuration list for PBXProject "app-swoosh" */;
			compatibilityVersion = "Xcode 9.3";
			developmentRegion = en;
			hasScannedForEncodings = 0;
			knownRegions = (
				en,
				Base,
			);
			mainGroup = 8B717B23218849120081BBC8;
			productRefGroup = 8B717B2D218849120081BBC8 /* Products */;
			projectDirPath = "";
			projectRoot = "";
			targets = (
				8B717B2B218849120081BBC8 /* app-swoosh */,
				8B717B3F218849140081BBC8 /* app-swooshTests */,
				8B717B4A218849140081BBC8 /* app-swooshUITests */,
			);
		};
/* End PBXProject section */

/* Begin PBXResourcesBuildPhase section */
		8B717B2A218849120081BBC8 /* Resources */ = {
			isa = PBXResourcesBuildPhase;
			buildActionMask = 2147483647;
			files = (
				8B717B3A218849140081BBC8 /* LaunchScreen.storyboard in Resources */,
				8B717B37218849140081BBC8 /* Assets.xcassets in Resources */,
				8B717B35218849120081BBC8 /* Main.storyboard in Resources */,
			);
			runOnlyForDeploymentPostprocessing = 0;
		};
		8B717B3E218849140081BBC8 /* Resources */ = {
			isa = PBXResourcesBuildPhase;
			buildActionMask = 2147483647;
			files = (
			);
			runOnlyForDeploymentPostprocessing = 0;
		};
		8B717B49218849140081BBC8 /* Resources */ = {
			isa = PBXResourcesBuildPhase;
			buildActionMask = 2147483647;
			files = (
			);
			runOnlyForDeploymentPostprocessing = 0;
		};
/* End PBXResourcesBuildPhase section */

/* Begin PBXSourcesBuildPhase section */
		8B717B28218849120081BBC8 /* Sources */ = {
			isa = PBXSourcesBuildPhase;
			buildActionMask = 2147483647;
			files = (
				8B717B32218849120081BBC8 /* WelcomeVC.swift in Sources */,
				8BE0089921EF046E008207DE /* LeagueVC.swift in Sources */,
				8B717B30218849120081BBC8 /* AppDelegate.swift in Sources */,
				8BE0089B21EF0483008207DE /* SkillVC.swift in Sources */,
				8B717B5F218856520081BBC8 /* BorderButton.swift in Sources */,
			);
			runOnlyForDeploymentPostprocessing = 0;
		};
		8B717B3C218849140081BBC8 /* Sources */ = {
			isa = PBXSourcesBuildPhase;
			buildActionMask = 2147483647;
			files = (
				8B717B45218849140081BBC8 /* app_swooshTests.swift in Sources */,
			);
			runOnlyForDeploymentPostprocessing = 0;
		};
		8B717B47218849140081BBC8 /* Sources */ = {
			isa = PBXSourcesBuildPhase;
			buildActionMask = 2147483647;
			files = (
				8B717B50218849140081BBC8 /* app_swooshUITests.swift in Sources */,
			);
			runOnlyForDeploymentPostprocessing = 0;
		};
/* End PBXSourcesBuildPhase section */

/* Begin PBXTargetDependency section */
		8B717B42218849140081BBC8 /* PBXTargetDependency */ = {
			isa = PBXTargetDependency;
			target = 8B717B2B218849120081BBC8 /* app-swoosh */;
			targetProxy = 8B717B41218849140081BBC8 /* PBXContainerItemProxy */;
		};
		8B717B4D218849140081BBC8 /* PBXTargetDependency */ = {
			isa = PBXTargetDependency;
			target = 8B717B2B218849120081BBC8 /* app-swoosh */;
			targetProxy = 8B717B4C218849140081BBC8 /* PBXContainerItemProxy */;
		};
/* End PBXTargetDependency section */

/* Begin PBXVariantGroup section */
		8B717B33218849120081BBC8 /* Main.storyboard */ = {
			isa = PBXVariantGroup;
			children = (
				8B717B34218849120081BBC8 /* Base */,
			);
			name = Main.storyboard;
			sourceTree = "<group>";
			usesTabs = 0;
		};
		8B717B38218849140081BBC8 /* LaunchScreen.storyboard */ = {
			isa = PBXVariantGroup;
			children = (
				8B717B39218849140081BBC8 /* Base */,
			);
			name = LaunchScreen.storyboard;
			sourceTree = "<group>";
		};
/* End PBXVariantGroup section */

/* Begin XCBuildConfiguration section */
		8B717B52218849140081BBC8 /* Debug */ = {
			isa = XCBuildConfiguration;
			buildSettings = {
				ALWAYS_SEARCH_USER_PATHS = NO;
				CLANG_ANALYZER_NONNULL = YES;
				CLANG_ANALYZER_NUMBER_OBJECT_CONVERSION = YES_AGGRESSIVE;
				CLANG_CXX_LANGUAGE_STANDARD = "gnu++14";
				CLANG_CXX_LIBRARY = "libc++";
				CLANG_ENABLE_MODULES = YES;
				CLANG_ENABLE_OBJC_ARC = YES;
				CLANG_ENABLE_OBJC_WEAK = YES;
				CLANG_WARN_BLOCK_CAPTURE_AUTORELEASING = YES;
				CLANG_WARN_BOOL_CONVERSION = YES;
				CLANG_WARN_COMMA = YES;
				CLANG_WARN_CONSTANT_CONVERSION = YES;
				CLANG_WARN_DEPRECATED_OBJC_IMPLEMENTATIONS = YES;
				CLANG_WARN_DIRECT_OBJC_ISA_USAGE = YES_ERROR;
				CLANG_WARN_DOCUMENTATION_COMMENTS = YES;
				CLANG_WARN_EMPTY_BODY = YES;
				CLANG_WARN_ENUM_CONVERSION = YES;
				CLANG_WARN_INFINITE_RECURSION = YES;
				CLANG_WARN_INT_CONVERSION = YES;
				CLANG_WARN_NON_LITERAL_NULL_CONVERSION = YES;
				CLANG_WARN_OBJC_IMPLICIT_RETAIN_SELF = YES;
				CLANG_WARN_OBJC_LITERAL_CONVERSION = YES;
				CLANG_WARN_OBJC_ROOT_CLASS = YES_ERROR;
				CLANG_WARN_RANGE_LOOP_ANALYSIS = YES;
				CLANG_WARN_STRICT_PROTOTYPES = YES;
				CLANG_WARN_SUSPICIOUS_MOVE = YES;
				CLANG_WARN_UNGUARDED_AVAILABILITY = YES_AGGRESSIVE;
				CLANG_WARN_UNREACHABLE_CODE = YES;
				CLANG_WARN__DUPLICATE_METHOD_MATCH = YES;
				CODE_SIGN_IDENTITY = "iPhone Developer";
				COPY_PHASE_STRIP = NO;
				DEBUG_INFORMATION_FORMAT = dwarf;
				ENABLE_STRICT_OBJC_MSGSEND = YES;
				ENABLE_TESTABILITY = YES;
				GCC_C_LANGUAGE_STANDARD = gnu11;
				GCC_DYNAMIC_NO_PIC = NO;
				GCC_NO_COMMON_BLOCKS = YES;
				GCC_OPTIMIZATION_LEVEL = 0;
				GCC_PREPROCESSOR_DEFINITIONS = (
					"DEBUG=1",
					"$(inherited)",
				);
				GCC_WARN_64_TO_32_BIT_CONVERSION = YES;
				GCC_WARN_ABOUT_RETURN_TYPE = YES_ERROR;
				GCC_WARN_UNDECLARED_SELECTOR = YES;
				GCC_WARN_UNINITIALIZED_AUTOS = YES_AGGRESSIVE;
				GCC_WARN_UNUSED_FUNCTION = YES;
				GCC_WARN_UNUSED_VARIABLE = YES;
				IPHONEOS_DEPLOYMENT_TARGET = 12.0;
				MTL_ENABLE_DEBUG_INFO = INCLUDE_SOURCE;
				MTL_FAST_MATH = YES;
				ONLY_ACTIVE_ARCH = YES;
				SDKROOT = iphoneos;
				SWIFT_ACTIVE_COMPILATION_CONDITIONS = DEBUG;
				SWIFT_OPTIMIZATION_LEVEL = "-Onone";
			};
			name = Debug;
		};
		8B717B53218849140081BBC8 /* Release */ = {
			isa = XCBuildConfiguration;
			buildSettings = {
				ALWAYS_SEARCH_USER_PATHS = NO;
				CLANG_ANALYZER_NONNULL = YES;
				CLANG_ANALYZER_NUMBER_OBJECT_CONVERSION = YES_AGGRESSIVE;
				CLANG_CXX_LANGUAGE_STANDARD = "gnu++14";
				CLANG_CXX_LIBRARY = "libc++";
				CLANG_ENABLE_MODULES = YES;
				CLANG_ENABLE_OBJC_ARC = YES;
				CLANG_ENABLE_OBJC_WEAK = YES;
				CLANG_WARN_BLOCK_CAPTURE_AUTORELEASING = YES;
				CLANG_WARN_BOOL_CONVERSION = YES;
				CLANG_WARN_COMMA = YES;
				CLANG_WARN_CONSTANT_CONVERSION = YES;
				CLANG_WARN_DEPRECATED_OBJC_IMPLEMENTATIONS = YES;
				CLANG_WARN_DIRECT_OBJC_ISA_USAGE = YES_ERROR;
				CLANG_WARN_DOCUMENTATION_COMMENTS = YES;
				CLANG_WARN_EMPTY_BODY = YES;
				CLANG_WARN_ENUM_CONVERSION = YES;
				CLANG_WARN_INFINITE_RECURSION = YES;
				CLANG_WARN_INT_CONVERSION = YES;
				CLANG_WARN_NON_LITERAL_NULL_CONVERSION = YES;
				CLANG_WARN_OBJC_IMPLICIT_RETAIN_SELF = YES;
				CLANG_WARN_OBJC_LITERAL_CONVERSION = YES;
				CLANG_WARN_OBJC_ROOT_CLASS = YES_ERROR;
				CLANG_WARN_RANGE_LOOP_ANALYSIS = YES;
				CLANG_WARN_STRICT_PROTOTYPES = YES;
				CLANG_WARN_SUSPICIOUS_MOVE = YES;
				CLANG_WARN_UNGUARDED_AVAILABILITY = YES_AGGRESSIVE;
				CLANG_WARN_UNREACHABLE_CODE = YES;
				CLANG_WARN__DUPLICATE_METHOD_MATCH = YES;
				CODE_SIGN_IDENTITY = "iPhone Developer";
				COPY_PHASE_STRIP = NO;
				DEBUG_INFORMATION_FORMAT = "dwarf-with-dsym";
				ENABLE_NS_ASSERTIONS = NO;
				ENABLE_STRICT_OBJC_MSGSEND = YES;
				GCC_C_LANGUAGE_STANDARD = gnu11;
				GCC_NO_COMMON_BLOCKS = YES;
				GCC_WARN_64_TO_32_BIT_CONVERSION = YES;
				GCC_WARN_ABOUT_RETURN_TYPE = YES_ERROR;
				GCC_WARN_UNDECLARED_SELECTOR = YES;
				GCC_WARN_UNINITIALIZED_AUTOS = YES_AGGRESSIVE;
				GCC_WARN_UNUSED_FUNCTION = YES;
				GCC_WARN_UNUSED_VARIABLE = YES;
				IPHONEOS_DEPLOYMENT_TARGET = 12.0;
				MTL_ENABLE_DEBUG_INFO = NO;
				MTL_FAST_MATH = YES;
				SDKROOT = iphoneos;
				SWIFT_COMPILATION_MODE = wholemodule;
				SWIFT_OPTIMIZATION_LEVEL = "-O";
				VALIDATE_PRODUCT = YES;
			};
			name = Release;
		};
		8B717B55218849140081BBC8 /* Debug */ = {
			isa = XCBuildConfiguration;
			buildSettings = {
				ASSETCATALOG_COMPILER_APPICON_NAME = AppIcon;
				CODE_SIGN_STYLE = Automatic;
				DEVELOPMENT_TEAM = 75W8PT8WNC;
				INFOPLIST_FILE = "app-swoosh/Info.plist";
				LD_RUNPATH_SEARCH_PATHS = (
					"$(inherited)",
					"@executable_path/Frameworks",
				);
				PRODUCT_BUNDLE_IDENTIFIER = "FisherionHome.app-swoosh";
				PRODUCT_NAME = "$(TARGET_NAME)";
				SWIFT_VERSION = 4.2;
				TARGETED_DEVICE_FAMILY = "1,2";
			};
			name = Debug;
		};
		8B717B56218849140081BBC8 /* Release */ = {
			isa = XCBuildConfiguration;
			buildSettings = {
				ASSETCATALOG_COMPILER_APPICON_NAME = AppIcon;
				CODE_SIGN_STYLE = Automatic;
				DEVELOPMENT_TEAM = 75W8PT8WNC;
				INFOPLIST_FILE = "app-swoosh/Info.plist";
				LD_RUNPATH_SEARCH_PATHS = (
					"$(inherited)",
					"@executable_path/Frameworks",
				);
				PRODUCT_BUNDLE_IDENTIFIER = "FisherionHome.app-swoosh";
				PRODUCT_NAME = "$(TARGET_NAME)";
				SWIFT_VERSION = 4.2;
				TARGETED_DEVICE_FAMILY = "1,2";
			};
			name = Release;
		};
		8B717B58218849140081BBC8 /* Debug */ = {
			isa = XCBuildConfiguration;
			buildSettings = {
				ALWAYS_EMBED_SWIFT_STANDARD_LIBRARIES = YES;
				BUNDLE_LOADER = "$(TEST_HOST)";
				CODE_SIGN_STYLE = Automatic;
				DEVELOPMENT_TEAM = 75W8PT8WNC;
				INFOPLIST_FILE = "app-swooshTests/Info.plist";
				LD_RUNPATH_SEARCH_PATHS = (
					"$(inherited)",
					"@executable_path/Frameworks",
					"@loader_path/Frameworks",
				);
				PRODUCT_BUNDLE_IDENTIFIER = "FisherionHome.app-swooshTests";
				PRODUCT_NAME = "$(TARGET_NAME)";
				SWIFT_VERSION = 4.2;
				TARGETED_DEVICE_FAMILY = "1,2";
				TEST_HOST = "$(BUILT_PRODUCTS_DIR)/app-swoosh.app/app-swoosh";
			};
			name = Debug;
		};
		8B717B59218849140081BBC8 /* Release */ = {
			isa = XCBuildConfiguration;
			buildSettings = {
				ALWAYS_EMBED_SWIFT_STANDARD_LIBRARIES = YES;
				BUNDLE_LOADER = "$(TEST_HOST)";
				CODE_SIGN_STYLE = Automatic;
				DEVELOPMENT_TEAM = 75W8PT8WNC;
				INFOPLIST_FILE = "app-swooshTests/Info.plist";
				LD_RUNPATH_SEARCH_PATHS = (
					"$(inherited)",
					"@executable_path/Frameworks",
					"@loader_path/Frameworks",
				);
				PRODUCT_BUNDLE_IDENTIFIER = "FisherionHome.app-swooshTests";
				PRODUCT_NAME = "$(TARGET_NAME)";
				SWIFT_VERSION = 4.2;
				TARGETED_DEVICE_FAMILY = "1,2";
				TEST_HOST = "$(BUILT_PRODUCTS_DIR)/app-swoosh.app/app-swoosh";
			};
			name = Release;
		};
		8B717B5B218849140081BBC8 /* Debug */ = {
			isa = XCBuildConfiguration;
			buildSettings = {
				ALWAYS_EMBED_SWIFT_STANDARD_LIBRARIES = YES;
				CODE_SIGN_STYLE = Automatic;
				DEVELOPMENT_TEAM = 75W8PT8WNC;
				INFOPLIST_FILE = "app-swooshUITests/Info.plist";
				LD_RUNPATH_SEARCH_PATHS = (
					"$(inherited)",
					"@executable_path/Frameworks",
					"@loader_path/Frameworks",
				);
				PRODUCT_BUNDLE_IDENTIFIER = "FisherionHome.app-swooshUITests";
				PRODUCT_NAME = "$(TARGET_NAME)";
				SWIFT_VERSION = 4.2;
				TARGETED_DEVICE_FAMILY = "1,2";
				TEST_TARGET_NAME = "app-swoosh";
			};
			name = Debug;
		};
		8B717B5C218849140081BBC8 /* Release */ = {
			isa = XCBuildConfiguration;
			buildSettings = {
				ALWAYS_EMBED_SWIFT_STANDARD_LIBRARIES = YES;
				CODE_SIGN_STYLE = Automatic;
				DEVELOPMENT_TEAM = 75W8PT8WNC;
				INFOPLIST_FILE = "app-swooshUITests/Info.plist";
				LD_RUNPATH_SEARCH_PATHS = (
					"$(inherited)",
					"@executable_path/Frameworks",
					"@loader_path/Frameworks",
				);
				PRODUCT_BUNDLE_IDENTIFIER = "FisherionHome.app-swooshUITests";
				PRODUCT_NAME = "$(TARGET_NAME)";
				SWIFT_VERSION = 4.2;
				TARGETED_DEVICE_FAMILY = "1,2";
				TEST_TARGET_NAME = "app-swoosh";
			};
			name = Release;
		};
/* End XCBuildConfiguration section */

/* Begin XCConfigurationList section */
		8B717B27218849120081BBC8 /* Build configuration list for PBXProject "app-swoosh" */ = {
			isa = XCConfigurationList;
			buildConfigurations = (
				8B717B52218849140081BBC8 /* Debug */,
				8B717B53218849140081BBC8 /* Release */,
			);
			defaultConfigurationIsVisible = 0;
			defaultConfigurationName = Release;
		};
		8B717B54218849140081BBC8 /* Build configuration list for PBXNativeTarget "app-swoosh" */ = {
			isa = XCConfigurationList;
			buildConfigurations = (
				8B717B55218849140081BBC8 /* Debug */,
				8B717B56218849140081BBC8 /* Release */,
			);
			defaultConfigurationIsVisible = 0;
			defaultConfigurationName = Release;
		};
		8B717B57218849140081BBC8 /* Build configuration list for PBXNativeTarget "app-swooshTests" */ = {
			isa = XCConfigurationList;
			buildConfigurations = (
				8B717B58218849140081BBC8 /* Debug */,
				8B717B59218849140081BBC8 /* Release */,
			);
			defaultConfigurationIsVisible = 0;
			defaultConfigurationName = Release;
		};
		8B717B5A218849140081BBC8 /* Build configuration list for PBXNativeTarget "app-swooshUITests" */ = {
			isa = XCConfigurationList;
			buildConfigurations = (
				8B717B5B218849140081BBC8 /* Debug */,
				8B717B5C218849140081BBC8 /* Release */,
			);
			defaultConfigurationIsVisible = 0;
			defaultConfigurationName = Release;
		};
/* End XCConfigurationList section */
	};
	rootObject = 8B717B24218849120081BBC8 /* Project object */;
}
